PODS:
  - FMListPlaceholder (1.0.1)
  - MJRefresh (3.1.15.7)

DEPENDENCIES:
  - FMListPlaceholder (from `./../`)
  - MJRefresh (~> 3.1.15.7)

SPEC REPOS:
  https://github.com/cocoapods/specs.git:
    - MJRefresh

EXTERNAL SOURCES:
  FMListPlaceholder:
    :path: "./../"

SPEC CHECKSUMS:
  FMListPlaceholder: ff41d0173b84a58b71b0b89cf6a4207e6ecd93ad
  MJRefresh: 697f8ec75ebdbe9207767bb682cf0f51b0d8a41f

PODFILE CHECKSUM: e8e1d8a3d3cd76ce5d86c5911293b72d283cffa5

COCOAPODS: 1.5.3
